# generated by rye
# use `rye lock` or `rye sync` to update this lockfile
#
# last locked with the following flags:
#   pre: false
#   features: []
#   all-features: false
#   with-sources: false
#   generate-hashes: false
#   universal: false

bottle==0.13.4
certifi==2026.1.4
    # via requests
charset-normalizer==3.4.4
    # via requests
idna==3.11
    # via requests
numpy==1.25.2
    # via opencv-contrib-python
opencv-contrib-python==4.8.0.76
requests==2.32.5
urllib3==2.6.3
    # via requests
